
Microsoft Visual Studio Solution File, Format Version 12.00
# Visual Studio Version 17
VisualStudioVersion = 17.9.34616.47
MinimumVisualStudioVersion = 10.0.40219.1
Project("{FAE04EC0-301F-11D3-BF4B-00C04F79EFBC}") = "DEMO-Web-API-JS", "DEMO-Web-API-JS\DEMO-Web-API-JS.csproj", "{F4AFFB64-301D-464A-AC2C-298B5E3FA85C}"
EndProject
Global
	GlobalSection(SolutionConfigurationPlatforms) = preSolution
		Debug|Any CPU = Debug|Any CPU
		Release|Any CPU = Release|Any CPU
	EndGlobalSection
	GlobalSection(ProjectConfigurationPlatforms) = postSolution
		{F4AFFB64-301D-464A-AC2C-298B5E3FA85C}.Debug|Any CPU.ActiveCfg = Debug|Any CPU
		{F4AFFB64-301D-464A-AC2C-298B5E3FA85C}.Debug|Any CPU.Build.0 = Debug|Any CPU
		{F4AFFB64-301D-464A-AC2C-298B5E3FA85C}.Release|Any CPU.ActiveCfg = Release|Any CPU
		{F4AFFB64-301D-464A-AC2C-298B5E3FA85C}.Release|Any CPU.Build.0 = Release|Any CPU
	EndGlobalSection
	GlobalSection(SolutionProperties) = preSolution
		HideSolutionNode = FALSE
	EndGlobalSection
	GlobalSection(ExtensibilityGlobals) = postSolution
		SolutionGuid = {CDA1B1BF-813B-4236-A672-22EAC1B4D869}
	EndGlobalSection
EndGlobal
